// !$*UTF8*$!
{
	archiveVersion = 1;
	classes = {
	};
	objectVersion = 55;
	objects = {

/* Begin PBXBuildFile section */
		AC7852E6270A395600C37E77 /* tableViewHeader.xib in Resources */ = {isa = PBXBuildFile; fileRef = AC7852E5270A395600C37E77 /* tableViewHeader.xib */; };
		AC7852E8270A3D6200C37E77 /* tableViewHeader.swift in Sources */ = {isa = PBXBuildFile; fileRef = AC7852E7270A3D6200C37E77 /* tableViewHeader.swift */; };
		AC83545F2717724700278651 /* ViagemTableViewCell.swift in Sources */ = {isa = PBXBuildFile; fileRef = AC83545D2717724700278651 /* ViagemTableViewCell.swift */; };
		AC8354602717724700278651 /* ViagemTableViewCell.xib in Resources */ = {isa = PBXBuildFile; fileRef = AC83545E2717724700278651 /* ViagemTableViewCell.xib */; };
		AC8354672717ADD700278651 /* server-response.json in Resources */ = {isa = PBXBuildFile; fileRef = AC8354662717ADD700278651 /* server-response.json */; };
		AC8354692717ADE900278651 /* Viagem.swift in Sources */ = {isa = PBXBuildFile; fileRef = AC8354682717ADE900278651 /* Viagem.swift */; };
		AC83546B2717ADF000278651 /* TiposDeViagens.swift in Sources */ = {isa = PBXBuildFile; fileRef = AC83546A2717ADF000278651 /* TiposDeViagens.swift */; };
		AC83546D2717AE1C00278651 /* DecodableData.swift in Sources */ = {isa = PBXBuildFile; fileRef = AC83546C2717AE1C00278651 /* DecodableData.swift */; };
		AC83546F2717AE3200278651 /* UIView+Extension.swift in Sources */ = {isa = PBXBuildFile; fileRef = AC83546E2717AE3200278651 /* UIView+Extension.swift */; };
		AC8354712717AF1A00278651 /* ViagemViewModel.swift in Sources */ = {isa = PBXBuildFile; fileRef = AC8354702717AF1A00278651 /* ViagemViewModel.swift */; };
		AC8354732717B1BD00278651 /* ViagemDestaqueViewModel.swift in Sources */ = {isa = PBXBuildFile; fileRef = AC8354722717B1BD00278651 /* ViagemDestaqueViewModel.swift */; };
		ACC3E38B27090A9200216FA5 /* AppDelegate.swift in Sources */ = {isa = PBXBuildFile; fileRef = ACC3E38A27090A9200216FA5 /* AppDelegate.swift */; };
		ACC3E38D27090A9200216FA5 /* SceneDelegate.swift in Sources */ = {isa = PBXBuildFile; fileRef = ACC3E38C27090A9200216FA5 /* SceneDelegate.swift */; };
		ACC3E38F27090A9200216FA5 /* ViewController.swift in Sources */ = {isa = PBXBuildFile; fileRef = ACC3E38E27090A9200216FA5 /* ViewController.swift */; };
		ACC3E39227090A9200216FA5 /* Main.storyboard in Resources */ = {isa = PBXBuildFile; fileRef = ACC3E39027090A9200216FA5 /* Main.storyboard */; };
		ACC3E39427090A9600216FA5 /* Assets.xcassets in Resources */ = {isa = PBXBuildFile; fileRef = ACC3E39327090A9600216FA5 /* Assets.xcassets */; };
		ACC3E39727090A9700216FA5 /* LaunchScreen.storyboard in Resources */ = {isa = PBXBuildFile; fileRef = ACC3E39527090A9700216FA5 /* LaunchScreen.storyboard */; };
		D8FA258C6D935B41582D9B37 /* Pods_estudoLayout.framework in Frameworks */ = {isa = PBXBuildFile; fileRef = 48E3135B080691CDCBE330B2 /* Pods_estudoLayout.framework */; };
/* End PBXBuildFile section */

/* Begin PBXFileReference section */
		1D93F03C746F3E8935B71398 /* Pods-estudoLayout.release.xcconfig */ = {isa = PBXFileReference; includeInIndex = 1; lastKnownFileType = text.xcconfig; name = "Pods-estudoLayout.release.xcconfig"; path = "Target Support Files/Pods-estudoLayout/Pods-estudoLayout.release.xcconfig"; sourceTree = "<group>"; };
		48E3135B080691CDCBE330B2 /* Pods_estudoLayout.framework */ = {isa = PBXFileReference; explicitFileType = wrapper.framework; includeInIndex = 0; path = Pods_estudoLayout.framework; sourceTree = BUILT_PRODUCTS_DIR; };
		AC7852E5270A395600C37E77 /* tableViewHeader.xib */ = {isa = PBXFileReference; lastKnownFileType = file.xib; path = tableViewHeader.xib; sourceTree = "<group>"; };
		AC7852E7270A3D6200C37E77 /* tableViewHeader.swift */ = {isa = PBXFileReference; lastKnownFileType = sourcecode.swift; path = tableViewHeader.swift; sourceTree = "<group>"; };
		AC83545D2717724700278651 /* ViagemTableViewCell.swift */ = {isa = PBXFileReference; lastKnownFileType = sourcecode.swift; path = ViagemTableViewCell.swift; sourceTree = "<group>"; };
		AC83545E2717724700278651 /* ViagemTableViewCell.xib */ = {isa = PBXFileReference; lastKnownFileType = file.xib; path = ViagemTableViewCell.xib; sourceTree = "<group>"; };
		AC8354662717ADD700278651 /* server-response.json */ = {isa = PBXFileReference; fileEncoding = 4; lastKnownFileType = text.json; path = "server-response.json"; sourceTree = "<group>"; };
		AC8354682717ADE900278651 /* Viagem.swift */ = {isa = PBXFileReference; fileEncoding = 4; lastKnownFileType = sourcecode.swift; path = Viagem.swift; sourceTree = "<group>"; };
		AC83546A2717ADF000278651 /* TiposDeViagens.swift */ = {isa = PBXFileReference; fileEncoding = 4; lastKnownFileType = sourcecode.swift; path = TiposDeViagens.swift; sourceTree = "<group>"; };
		AC83546C2717AE1C00278651 /* DecodableData.swift */ = {isa = PBXFileReference; fileEncoding = 4; lastKnownFileType = sourcecode.swift; path = DecodableData.swift; sourceTree = "<group>"; };
		AC83546E2717AE3200278651 /* UIView+Extension.swift */ = {isa = PBXFileReference; fileEncoding = 4; lastKnownFileType = sourcecode.swift; path = "UIView+Extension.swift"; sourceTree = "<group>"; };
		AC8354702717AF1A00278651 /* ViagemViewModel.swift */ = {isa = PBXFileReference; lastKnownFileType = sourcecode.swift; path = ViagemViewModel.swift; sourceTree = "<group>"; };
		AC8354722717B1BD00278651 /* ViagemDestaqueViewModel.swift */ = {isa = PBXFileReference; lastKnownFileType = sourcecode.swift; path = ViagemDestaqueViewModel.swift; sourceTree = "<group>"; };
		ACC3E38727090A9200216FA5 /* estudoLayout.app */ = {isa = PBXFileReference; explicitFileType = wrapper.application; includeInIndex = 0; path = estudoLayout.app; sourceTree = BUILT_PRODUCTS_DIR; };
		ACC3E38A27090A9200216FA5 /* AppDelegate.swift */ = {isa = PBXFileReference; lastKnownFileType = sourcecode.swift; path = AppDelegate.swift; sourceTree = "<group>"; };
		ACC3E38C27090A9200216FA5 /* SceneDelegate.swift */ = {isa = PBXFileReference; lastKnownFileType = sourcecode.swift; path = SceneDelegate.swift; sourceTree = "<group>"; };
		ACC3E38E27090A9200216FA5 /* ViewController.swift */ = {isa = PBXFileReference; lastKnownFileType = sourcecode.swift; path = ViewController.swift; sourceTree = "<group>"; };
		ACC3E39127090A9200216FA5 /* Base */ = {isa = PBXFileReference; lastKnownFileType = file.storyboard; name = Base; path = Base.lproj/Main.storyboard; sourceTree = "<group>"; };
		ACC3E39327090A9600216FA5 /* Assets.xcassets */ = {isa = PBXFileReference; lastKnownFileType = folder.assetcatalog; path = Assets.xcassets; sourceTree = "<group>"; };
		ACC3E39627090A9700216FA5 /* Base */ = {isa = PBXFileReference; lastKnownFileType = file.storyboard; name = Base; path = Base.lproj/LaunchScreen.storyboard; sourceTree = "<group>"; };
		ACC3E39827090A9700216FA5 /* Info.plist */ = {isa = PBXFileReference; lastKnownFileType = text.plist.xml; path = Info.plist; sourceTree = "<group>"; };
		ACC3E3A127090A9700216FA5 /* estudoLayoutTests.swift */ = {isa = PBXFileReference; lastKnownFileType = sourcecode.swift; path = estudoLayoutTests.swift; sourceTree = "<group>"; };
		ACC3E3AB27090A9700216FA5 /* estudoLayoutUITests.swift */ = {isa = PBXFileReference; lastKnownFileType = sourcecode.swift; path = estudoLayoutUITests.swift; sourceTree = "<group>"; };
		ACC3E3AD27090A9700216FA5 /* estudoLayoutUITestsLaunchTests.swift */ = {isa = PBXFileReference; lastKnownFileType = sourcecode.swift; path = estudoLayoutUITestsLaunchTests.swift; sourceTree = "<group>"; };
		B5B1C7F2E034DA08A77F99EE /* Pods-estudoLayout.debug.xcconfig */ = {isa = PBXFileReference; includeInIndex = 1; lastKnownFileType = text.xcconfig; name = "Pods-estudoLayout.debug.xcconfig"; path = "Target Support Files/Pods-estudoLayout/Pods-estudoLayout.debug.xcconfig"; sourceTree = "<group>"; };
/* End PBXFileReference section */

/* Begin PBXFrameworksBuildPhase section */
		ACC3E38427090A9200216FA5 /* Frameworks */ = {
			isa = PBXFrameworksBuildPhase;
			buildActionMask = 2147483647;
			files = (
				D8FA258C6D935B41582D9B37 /* Pods_estudoLayout.framework in Frameworks */,
			);
			runOnlyForDeploymentPostprocessing = 0;
		};
/* End PBXFrameworksBuildPhase section */

/* Begin PBXGroup section */
		532E489067CC120B90364A5A /* Frameworks */ = {
			isa = PBXGroup;
			children = (
				48E3135B080691CDCBE330B2 /* Pods_estudoLayout.framework */,
			);
			name = Frameworks;
			sourceTree = "<group>";
		};
		AC83545A271771A900278651 /* View */ = {
			isa = PBXGroup;
			children = (
				AC83545C271771E700278651 /* Header */,
				AC83545B271771C900278651 /* Cells */,
			);
			path = View;
			sourceTree = "<group>";
		};
		AC83545B271771C900278651 /* Cells */ = {
			isa = PBXGroup;
			children = (
				AC83545D2717724700278651 /* ViagemTableViewCell.swift */,
				AC83545E2717724700278651 /* ViagemTableViewCell.xib */,
			);
			path = Cells;
			sourceTree = "<group>";
		};
		AC83545C271771E700278651 /* Header */ = {
			isa = PBXGroup;
			children = (
				AC7852E5270A395600C37E77 /* tableViewHeader.xib */,
				AC7852E7270A3D6200C37E77 /* tableViewHeader.swift */,
			);
			path = Header;
			sourceTree = "<group>";
		};
		AC8354612717A34300278651 /* AppDelegate */ = {
			isa = PBXGroup;
			children = (
				ACC3E38A27090A9200216FA5 /* AppDelegate.swift */,
				ACC3E38C27090A9200216FA5 /* SceneDelegate.swift */,
			);
			path = AppDelegate;
			sourceTree = "<group>";
		};
		AC8354622717A35F00278651 /* Model */ = {
			isa = PBXGroup;
			children = (
				AC83546C2717AE1C00278651 /* DecodableData.swift */,
				AC83546A2717ADF000278651 /* TiposDeViagens.swift */,
				AC8354682717ADE900278651 /* Viagem.swift */,
			);
			path = Model;
			sourceTree = "<group>";
		};
		AC8354632717A39100278651 /* VewModel */ = {
			isa = PBXGroup;
			children = (
				AC8354702717AF1A00278651 /* ViagemViewModel.swift */,
				AC8354722717B1BD00278651 /* ViagemDestaqueViewModel.swift */,
			);
			path = VewModel;
			sourceTree = "<group>";
		};
		AC8354642717ACF500278651 /* Mock */ = {
			isa = PBXGroup;
			children = (
				AC8354662717ADD700278651 /* server-response.json */,
			);
			path = Mock;
			sourceTree = "<group>";
		};
		AC8354652717AD6000278651 /* Extensions */ = {
			isa = PBXGroup;
			children = (
				AC83546E2717AE3200278651 /* UIView+Extension.swift */,
			);
			path = Extensions;
			sourceTree = "<group>";
		};
		ACC3E37E27090A9200216FA5 = {
			isa = PBXGroup;
			children = (
				ACC3E38927090A9200216FA5 /* estudoLayout */,
				ACC3E3A027090A9700216FA5 /* estudoLayoutTests */,
				ACC3E3AA27090A9700216FA5 /* estudoLayoutUITests */,
				ACC3E38827090A9200216FA5 /* Products */,
				F8DB3D3FFF679CBDED71B54E /* Pods */,
				532E489067CC120B90364A5A /* Frameworks */,
			);
			sourceTree = "<group>";
		};
		ACC3E38827090A9200216FA5 /* Products */ = {
			isa = PBXGroup;
			children = (
				ACC3E38727090A9200216FA5 /* estudoLayout.app */,
			);
			name = Products;
			sourceTree = "<group>";
		};
		ACC3E38927090A9200216FA5 /* estudoLayout */ = {
			isa = PBXGroup;
			children = (
				AC8354652717AD6000278651 /* Extensions */,
				AC8354642717ACF500278651 /* Mock */,
				AC8354632717A39100278651 /* VewModel */,
				AC8354622717A35F00278651 /* Model */,
				AC8354612717A34300278651 /* AppDelegate */,
				AC83545A271771A900278651 /* View */,
				ACC3E38E27090A9200216FA5 /* ViewController.swift */,
				ACC3E39027090A9200216FA5 /* Main.storyboard */,
				ACC3E39327090A9600216FA5 /* Assets.xcassets */,
				ACC3E39527090A9700216FA5 /* LaunchScreen.storyboard */,
				ACC3E39827090A9700216FA5 /* Info.plist */,
			);
			path = estudoLayout;
			sourceTree = "<group>";
		};
		ACC3E3A027090A9700216FA5 /* estudoLayoutTests */ = {
			isa = PBXGroup;
			children = (
				ACC3E3A127090A9700216FA5 /* estudoLayoutTests.swift */,
			);
			path = estudoLayoutTests;
			sourceTree = "<group>";
		};
		ACC3E3AA27090A9700216FA5 /* estudoLayoutUITests */ = {
			isa = PBXGroup;
			children = (
				ACC3E3AB27090A9700216FA5 /* estudoLayoutUITests.swift */,
				ACC3E3AD27090A9700216FA5 /* estudoLayoutUITestsLaunchTests.swift */,
			);
			path = estudoLayoutUITests;
			sourceTree = "<group>";
		};
		F8DB3D3FFF679CBDED71B54E /* Pods */ = {
			isa = PBXGroup;
			children = (
				B5B1C7F2E034DA08A77F99EE /* Pods-estudoLayout.debug.xcconfig */,
				1D93F03C746F3E8935B71398 /* Pods-estudoLayout.release.xcconfig */,
			);
			path = Pods;
			sourceTree = "<group>";
		};
/* End PBXGroup section */

/* Begin PBXNativeTarget section */
		ACC3E38627090A9200216FA5 /* estudoLayout */ = {
			isa = PBXNativeTarget;
			buildConfigurationList = ACC3E3B127090A9700216FA5 /* Build configuration list for PBXNativeTarget "estudoLayout" */;
			buildPhases = (
				C1B22F9BA7EC41ADDCD759EA /* [CP] Check Pods Manifest.lock */,
				ACC3E38327090A9200216FA5 /* Sources */,
				ACC3E38427090A9200216FA5 /* Frameworks */,
				ACC3E38527090A9200216FA5 /* Resources */,
				9E2BE838049628998A65BB28 /* [CP] Embed Pods Frameworks */,
			);
			buildRules = (
			);
			dependencies = (
			);
			name = estudoLayout;
			productName = estudoLayout;
			productReference = ACC3E38727090A9200216FA5 /* estudoLayout.app */;
			productType = "com.apple.product-type.application";
		};
/* End PBXNativeTarget section */

/* Begin PBXProject section */
		ACC3E37F27090A9200216FA5 /* Project object */ = {
			isa = PBXProject;
			attributes = {
				BuildIndependentTargetsInParallel = 1;
				LastSwiftUpdateCheck = 1300;
				LastUpgradeCheck = 1300;
				TargetAttributes = {
					ACC3E38627090A9200216FA5 = {
						CreatedOnToolsVersion = 13.0;
					};
				};
			};
			buildConfigurationList = ACC3E38227090A9200216FA5 /* Build configuration list for PBXProject "estudoLayout" */;
			compatibilityVersion = "Xcode 13.0";
			developmentRegion = en;
			hasScannedForEncodings = 0;
			knownRegions = (
				en,
				Base,
			);
			mainGroup = ACC3E37E27090A9200216FA5;
			productRefGroup = ACC3E38827090A9200216FA5 /* Products */;
			projectDirPath = "";
			projectRoot = "";
			targets = (
				ACC3E38627090A9200216FA5 /* estudoLayout */,
			);
		};
/* End PBXProject section */

/* Begin PBXResourcesBuildPhase section */
		ACC3E38527090A9200216FA5 /* Resources */ = {
			isa = PBXResourcesBuildPhase;
			buildActionMask = 2147483647;
			files = (
				AC7852E6270A395600C37E77 /* tableViewHeader.xib in Resources */,
				AC8354672717ADD700278651 /* server-response.json in Resources */,
				ACC3E39727090A9700216FA5 /* LaunchScreen.storyboard in Resources */,
				ACC3E39427090A9600216FA5 /* Assets.xcassets in Resources */,
				ACC3E39227090A9200216FA5 /* Main.storyboard in Resources */,
				AC8354602717724700278651 /* ViagemTableViewCell.xib in Resources */,
			);
			runOnlyForDeploymentPostprocessing = 0;
		};
/* End PBXResourcesBuildPhase section */

/* Begin PBXShellScriptBuildPhase section */
		9E2BE838049628998A65BB28 /* [CP] Embed Pods Frameworks */ = {
			isa = PBXShellScriptBuildPhase;
			buildActionMask = 2147483647;
			files = (
			);
			inputFileListPaths = (
				"${PODS_ROOT}/Target Support Files/Pods-estudoLayout/Pods-estudoLayout-frameworks-${CONFIGURATION}-input-files.xcfilelist",
			);
			name = "[CP] Embed Pods Frameworks";
			outputFileListPaths = (
				"${PODS_ROOT}/Target Support Files/Pods-estudoLayout/Pods-estudoLayout-frameworks-${CONFIGURATION}-output-files.xcfilelist",
			);
			runOnlyForDeploymentPostprocessing = 0;
			shellPath = /bin/sh;
			shellScript = "\"${PODS_ROOT}/Target Support Files/Pods-estudoLayout/Pods-estudoLayout-frameworks.sh\"\n";
			showEnvVarsInLog = 0;
		};
		C1B22F9BA7EC41ADDCD759EA /* [CP] Check Pods Manifest.lock */ = {
			isa = PBXShellScriptBuildPhase;
			buildActionMask = 2147483647;
			files = (
			);
			inputFileListPaths = (
			);
			inputPaths = (
				"${PODS_PODFILE_DIR_PATH}/Podfile.lock",
				"${PODS_ROOT}/Manifest.lock",
			);
			name = "[CP] Check Pods Manifest.lock";
			outputFileListPaths = (
			);
			outputPaths = (
				"$(DERIVED_FILE_DIR)/Pods-estudoLayout-checkManifestLockResult.txt",
			);
			runOnlyForDeploymentPostprocessing = 0;
			shellPath = /bin/sh;
			shellScript = "diff \"${PODS_PODFILE_DIR_PATH}/Podfile.lock\" \"${PODS_ROOT}/Manifest.lock\" > /dev/null\nif [ $? != 0 ] ; then\n    # print error to STDERR\n    echo \"error: The sandbox is not in sync with the Podfile.lock. Run 'pod install' or update your CocoaPods installation.\" >&2\n    exit 1\nfi\n# This output is used by Xcode 'outputs' to avoid re-running this script phase.\necho \"SUCCESS\" > \"${SCRIPT_OUTPUT_FILE_0}\"\n";
			showEnvVarsInLog = 0;
		};
/* End PBXShellScriptBuildPhase section */

/* Begin PBXSourcesBuildPhase section */
		ACC3E38327090A9200216FA5 /* Sources */ = {
			isa = PBXSourcesBuildPhase;
			buildActionMask = 2147483647;
			files = (
				AC7852E8270A3D6200C37E77 /* tableViewHeader.swift in Sources */,
				AC83545F2717724700278651 /* ViagemTableViewCell.swift in Sources */,
				AC83546B2717ADF000278651 /* TiposDeViagens.swift in Sources */,
				AC83546F2717AE3200278651 /* UIView+Extension.swift in Sources */,
				AC83546D2717AE1C00278651 /* DecodableData.swift in Sources */,
				ACC3E38F27090A9200216FA5 /* ViewController.swift in Sources */,
				ACC3E38B27090A9200216FA5 /* AppDelegate.swift in Sources */,
				AC8354692717ADE900278651 /* Viagem.swift in Sources */,
				ACC3E38D27090A9200216FA5 /* SceneDelegate.swift in Sources */,
				AC8354712717AF1A00278651 /* ViagemViewModel.swift in Sources */,
				AC8354732717B1BD00278651 /* ViagemDestaqueViewModel.swift in Sources */,
			);
			runOnlyForDeploymentPostprocessing = 0;
		};
/* End PBXSourcesBuildPhase section */

/* Begin PBXVariantGroup section */
		ACC3E39027090A9200216FA5 /* Main.storyboard */ = {
			isa = PBXVariantGroup;
			children = (
				ACC3E39127090A9200216FA5 /* Base */,
			);
			name = Main.storyboard;
			sourceTree = "<group>";
		};
		ACC3E39527090A9700216FA5 /* LaunchScreen.storyboard */ = {
			isa = PBXVariantGroup;
			children = (
				ACC3E39627090A9700216FA5 /* Base */,
			);
			name = LaunchScreen.storyboard;
			sourceTree = "<group>";
		};
/* End PBXVariantGroup section */

/* Begin XCBuildConfiguration section */
		ACC3E3AF27090A9700216FA5 /* Debug */ = {
			isa = XCBuildConfiguration;
			buildSettings = {
				ALWAYS_SEARCH_USER_PATHS = NO;
				CLANG_ANALYZER_NONNULL = YES;
				CLANG_ANALYZER_NUMBER_OBJECT_CONVERSION = YES_AGGRESSIVE;
				CLANG_CXX_LANGUAGE_STANDARD = "gnu++17";
				CLANG_CXX_LIBRARY = "libc++";
				CLANG_ENABLE_MODULES = YES;
				CLANG_ENABLE_OBJC_ARC = YES;
				CLANG_ENABLE_OBJC_WEAK = YES;
				CLANG_WARN_BLOCK_CAPTURE_AUTORELEASING = YES;
				CLANG_WARN_BOOL_CONVERSION = YES;
				CLANG_WARN_COMMA = YES;
				CLANG_WARN_CONSTANT_CONVERSION = YES;
				CLANG_WARN_DEPRECATED_OBJC_IMPLEMENTATIONS = YES;
				CLANG_WARN_DIRECT_OBJC_ISA_USAGE = YES_ERROR;
				CLANG_WARN_DOCUMENTATION_COMMENTS = YES;
				CLANG_WARN_EMPTY_BODY = YES;
				CLANG_WARN_ENUM_CONVERSION = YES;
				CLANG_WARN_INFINITE_RECURSION = YES;
				CLANG_WARN_INT_CONVERSION = YES;
				CLANG_WARN_NON_LITERAL_NULL_CONVERSION = YES;
				CLANG_WARN_OBJC_IMPLICIT_RETAIN_SELF = YES;
				CLANG_WARN_OBJC_LITERAL_CONVERSION = YES;
				CLANG_WARN_OBJC_ROOT_CLASS = YES_ERROR;
				CLANG_WARN_QUOTED_INCLUDE_IN_FRAMEWORK_HEADER = YES;
				CLANG_WARN_RANGE_LOOP_ANALYSIS = YES;
				CLANG_WARN_STRICT_PROTOTYPES = YES;
				CLANG_WARN_SUSPICIOUS_MOVE = YES;
				CLANG_WARN_UNGUARDED_AVAILABILITY = YES_AGGRESSIVE;
				CLANG_WARN_UNREACHABLE_CODE = YES;
				CLANG_WARN__DUPLICATE_METHOD_MATCH = YES;
				COPY_PHASE_STRIP = NO;
				DEBUG_INFORMATION_FORMAT = dwarf;
				ENABLE_STRICT_OBJC_MSGSEND = YES;
				ENABLE_TESTABILITY = YES;
				GCC_C_LANGUAGE_STANDARD = gnu11;
				GCC_DYNAMIC_NO_PIC = NO;
				GCC_NO_COMMON_BLOCKS = YES;
				GCC_OPTIMIZATION_LEVEL = 0;
				GCC_PREPROCESSOR_DEFINITIONS = (
					"DEBUG=1",
					"$(inherited)",
				);
				GCC_WARN_64_TO_32_BIT_CONVERSION = YES;
				GCC_WARN_ABOUT_RETURN_TYPE = YES_ERROR;
				GCC_WARN_UNDECLARED_SELECTOR = YES;
				GCC_WARN_UNINITIALIZED_AUTOS = YES_AGGRESSIVE;
				GCC_WARN_UNUSED_FUNCTION = YES;
				GCC_WARN_UNUSED_VARIABLE = YES;
				IPHONEOS_DEPLOYMENT_TARGET = 15.0;
				MTL_ENABLE_DEBUG_INFO = INCLUDE_SOURCE;
				MTL_FAST_MATH = YES;
				ONLY_ACTIVE_ARCH = YES;
				SDKROOT = iphoneos;
				SWIFT_ACTIVE_COMPILATION_CONDITIONS = DEBUG;
				SWIFT_OPTIMIZATION_LEVEL = "-Onone";
			};
			name = Debug;
		};
		ACC3E3B027090A9700216FA5 /* Release */ = {
			isa = XCBuildConfiguration;
			buildSettings = {
				ALWAYS_SEARCH_USER_PATHS = NO;
				CLANG_ANALYZER_NONNULL = YES;
				CLANG_ANALYZER_NUMBER_OBJECT_CONVERSION = YES_AGGRESSIVE;
				CLANG_CXX_LANGUAGE_STANDARD = "gnu++17";
				CLANG_CXX_LIBRARY = "libc++";
				CLANG_ENABLE_MODULES = YES;
				CLANG_ENABLE_OBJC_ARC = YES;
				CLANG_ENABLE_OBJC_WEAK = YES;
				CLANG_WARN_BLOCK_CAPTURE_AUTORELEASING = YES;
				CLANG_WARN_BOOL_CONVERSION = YES;
				CLANG_WARN_COMMA = YES;
				CLANG_WARN_CONSTANT_CONVERSION = YES;
				CLANG_WARN_DEPRECATED_OBJC_IMPLEMENTATIONS = YES;
				CLANG_WARN_DIRECT_OBJC_ISA_USAGE = YES_ERROR;
				CLANG_WARN_DOCUMENTATION_COMMENTS = YES;
				CLANG_WARN_EMPTY_BODY = YES;
				CLANG_WARN_ENUM_CONVERSION = YES;
				CLANG_WARN_INFINITE_RECURSION = YES;
				CLANG_WARN_INT_CONVERSION = YES;
				CLANG_WARN_NON_LITERAL_NULL_CONVERSION = YES;
				CLANG_WARN_OBJC_IMPLICIT_RETAIN_SELF = YES;
				CLANG_WARN_OBJC_LITERAL_CONVERSION = YES;
				CLANG_WARN_OBJC_ROOT_CLASS = YES_ERROR;
				CLANG_WARN_QUOTED_INCLUDE_IN_FRAMEWORK_HEADER = YES;
				CLANG_WARN_RANGE_LOOP_ANALYSIS = YES;
				CLANG_WARN_STRICT_PROTOTYPES = YES;
				CLANG_WARN_SUSPICIOUS_MOVE = YES;
				CLANG_WARN_UNGUARDED_AVAILABILITY = YES_AGGRESSIVE;
				CLANG_WARN_UNREACHABLE_CODE = YES;
				CLANG_WARN__DUPLICATE_METHOD_MATCH = YES;
				COPY_PHASE_STRIP = NO;
				DEBUG_INFORMATION_FORMAT = "dwarf-with-dsym";
				ENABLE_NS_ASSERTIONS = NO;
				ENABLE_STRICT_OBJC_MSGSEND = YES;
				GCC_C_LANGUAGE_STANDARD = gnu11;
				GCC_NO_COMMON_BLOCKS = YES;
				GCC_WARN_64_TO_32_BIT_CONVERSION = YES;
				GCC_WARN_ABOUT_RETURN_TYPE = YES_ERROR;
				GCC_WARN_UNDECLARED_SELECTOR = YES;
				GCC_WARN_UNINITIALIZED_AUTOS = YES_AGGRESSIVE;
				GCC_WARN_UNUSED_FUNCTION = YES;
				GCC_WARN_UNUSED_VARIABLE = YES;
				IPHONEOS_DEPLOYMENT_TARGET = 15.0;
				MTL_ENABLE_DEBUG_INFO = NO;
				MTL_FAST_MATH = YES;
				SDKROOT = iphoneos;
				SWIFT_COMPILATION_MODE = wholemodule;
				SWIFT_OPTIMIZATION_LEVEL = "-O";
				VALIDATE_PRODUCT = YES;
			};
			name = Release;
		};
		ACC3E3B227090A9700216FA5 /* Debug */ = {
			isa = XCBuildConfiguration;
			baseConfigurationReference = B5B1C7F2E034DA08A77F99EE /* Pods-estudoLayout.debug.xcconfig */;
			buildSettings = {
				ASSETCATALOG_COMPILER_APPICON_NAME = AppIcon;
				ASSETCATALOG_COMPILER_GLOBAL_ACCENT_COLOR_NAME = AccentColor;
				CODE_SIGN_STYLE = Automatic;
				CURRENT_PROJECT_VERSION = 1;
				FRAMEWORK_SEARCH_PATHS = "$(inherited)";
				GENERATE_INFOPLIST_FILE = YES;
				HEADER_SEARCH_PATHS = "$(inherited)";
				INFOPLIST_FILE = estudoLayout/Info.plist;
				INFOPLIST_KEY_UIApplicationSupportsIndirectInputEvents = YES;
				INFOPLIST_KEY_UILaunchStoryboardName = LaunchScreen;
				INFOPLIST_KEY_UIMainStoryboardFile = Main;
				INFOPLIST_KEY_UISupportedInterfaceOrientations_iPad = "UIInterfaceOrientationPortrait UIInterfaceOrientationPortraitUpsideDown UIInterfaceOrientationLandscapeLeft UIInterfaceOrientationLandscapeRight";
				INFOPLIST_KEY_UISupportedInterfaceOrientations_iPhone = "UIInterfaceOrientationPortrait UIInterfaceOrientationLandscapeLeft UIInterfaceOrientationLandscapeRight";
				LD_RUNPATH_SEARCH_PATHS = (
					"$(inherited)",
					"@executable_path/Frameworks",
				);
				MARKETING_VERSION = 1.0;
				PRODUCT_BUNDLE_IDENTIFIER = teste.estudoLayout;
				PRODUCT_NAME = "$(TARGET_NAME)";
				SWIFT_EMIT_LOC_STRINGS = YES;
				SWIFT_VERSION = 5.0;
				TARGETED_DEVICE_FAMILY = "1,2";
			};
			name = Debug;
		};
		ACC3E3B327090A9700216FA5 /* Release */ = {
			isa = XCBuildConfiguration;
			baseConfigurationReference = 1D93F03C746F3E8935B71398 /* Pods-estudoLayout.release.xcconfig */;
			buildSettings = {
				ASSETCATALOG_COMPILER_APPICON_NAME = AppIcon;
				ASSETCATALOG_COMPILER_GLOBAL_ACCENT_COLOR_NAME = AccentColor;
				CODE_SIGN_STYLE = Automatic;
				CURRENT_PROJECT_VERSION = 1;
				FRAMEWORK_SEARCH_PATHS = "$(inherited)";
				GENERATE_INFOPLIST_FILE = YES;
				HEADER_SEARCH_PATHS = "$(inherited)";
				INFOPLIST_FILE = estudoLayout/Info.plist;
				INFOPLIST_KEY_UIApplicationSupportsIndirectInputEvents = YES;
				INFOPLIST_KEY_UILaunchStoryboardName = LaunchScreen;
				INFOPLIST_KEY_UIMainStoryboardFile = Main;
				INFOPLIST_KEY_UISupportedInterfaceOrientations_iPad = "UIInterfaceOrientationPortrait UIInterfaceOrientationPortraitUpsideDown UIInterfaceOrientationLandscapeLeft UIInterfaceOrientationLandscapeRight";
				INFOPLIST_KEY_UISupportedInterfaceOrientations_iPhone = "UIInterfaceOrientationPortrait UIInterfaceOrientationLandscapeLeft UIInterfaceOrientationLandscapeRight";
				LD_RUNPATH_SEARCH_PATHS = (
					"$(inherited)",
					"@executable_path/Frameworks",
				);
				MARKETING_VERSION = 1.0;
				PRODUCT_BUNDLE_IDENTIFIER = teste.estudoLayout;
				PRODUCT_NAME = "$(TARGET_NAME)";
				SWIFT_EMIT_LOC_STRINGS = YES;
				SWIFT_VERSION = 5.0;
				TARGETED_DEVICE_FAMILY = "1,2";
			};
			name = Release;
		};
/* End XCBuildConfiguration section */

/* Begin XCConfigurationList section */
		ACC3E38227090A9200216FA5 /* Build configuration list for PBXProject "estudoLayout" */ = {
			isa = XCConfigurationList;
			buildConfigurations = (
				ACC3E3AF27090A9700216FA5 /* Debug */,
				ACC3E3B027090A9700216FA5 /* Release */,
			);
			defaultConfigurationIsVisible = 0;
			defaultConfigurationName = Release;
		};
		ACC3E3B127090A9700216FA5 /* Build configuration list for PBXNativeTarget "estudoLayout" */ = {
			isa = XCConfigurationList;
			buildConfigurations = (
				ACC3E3B227090A9700216FA5 /* Debug */,
				ACC3E3B327090A9700216FA5 /* Release */,
			);
			defaultConfigurationIsVisible = 0;
			defaultConfigurationName = Release;
		};
/* End XCConfigurationList section */
	};
	rootObject = ACC3E37F27090A9200216FA5 /* Project object */;
}
